
Microsoft Visual Studio Solution File, Format Version 12.00
# Visual Studio 2012
Project("{FAE04EC0-301F-11D3-BF4B-00C04F79EFBC}") = "NewsAggregator", "NewsAggregator\NewsAggregator.csproj", "{EA4646F1-5C23-427D-92B9-506DEEB23558}"
EndProject
Global
	GlobalSection(SolutionConfigurationPlatforms) = preSolution
		Debug|Any CPU = Debug|Any CPU
		Release|Any CPU = Release|Any CPU
	EndGlobalSection
	GlobalSection(ProjectConfigurationPlatforms) = postSolution
		{EA4646F1-5C23-427D-92B9-506DEEB23558}.Debug|Any CPU.ActiveCfg = Debug|Any CPU
		{EA4646F1-5C23-427D-92B9-506DEEB23558}.Debug|Any CPU.Build.0 = Debug|Any CPU
		{EA4646F1-5C23-427D-92B9-506DEEB23558}.Release|Any CPU.ActiveCfg = Release|Any CPU
		{EA4646F1-5C23-427D-92B9-506DEEB23558}.Release|Any CPU.Build.0 = Release|Any CPU
	EndGlobalSection
EndGlobal
